
Microsoft Visual Studio Solution File, Format Version 12.00
Project("{FAE04EC0-301F-11D3-BF4B-00C04F79EFBC}") = "Shopinger.Api", "Shopinger.Api\Shopinger.Api.csproj", "{C974D4DA-1E24-4A54-891F-DABBC98B8119}"
EndProject
Project("{FAE04EC0-301F-11D3-BF4B-00C04F79EFBC}") = "Shopinger.Domain", "Shopinger.Domain\Shopinger.Domain.csproj", "{DC1E6335-500C-41D9-BA4C-12B47AA92D11}"
EndProject
Project("{FAE04EC0-301F-11D3-BF4B-00C04F79EFBC}") = "Shopinger.Infrastructure", "Shopinger.Infrastructure\Shopinger.Infrastructure.csproj", "{20BC56DC-3D89-46FB-8781-1B890F6EC9C8}"
EndProject
Global
	GlobalSection(SolutionConfigurationPlatforms) = preSolution
		Debug|Any CPU = Debug|Any CPU
		Release|Any CPU = Release|Any CPU
	EndGlobalSection
	GlobalSection(ProjectConfigurationPlatforms) = postSolution
		{C974D4DA-1E24-4A54-891F-DABBC98B8119}.Debug|Any CPU.ActiveCfg = Debug|Any CPU
		{C974D4DA-1E24-4A54-891F-DABBC98B8119}.Debug|Any CPU.Build.0 = Debug|Any CPU
		{C974D4DA-1E24-4A54-891F-DABBC98B8119}.Release|Any CPU.ActiveCfg = Release|Any CPU
		{C974D4DA-1E24-4A54-891F-DABBC98B8119}.Release|Any CPU.Build.0 = Release|Any CPU
		{DC1E6335-500C-41D9-BA4C-12B47AA92D11}.Debug|Any CPU.ActiveCfg = Debug|Any CPU
		{DC1E6335-500C-41D9-BA4C-12B47AA92D11}.Debug|Any CPU.Build.0 = Debug|Any CPU
		{DC1E6335-500C-41D9-BA4C-12B47AA92D11}.Release|Any CPU.ActiveCfg = Release|Any CPU
		{DC1E6335-500C-41D9-BA4C-12B47AA92D11}.Release|Any CPU.Build.0 = Release|Any CPU
		{20BC56DC-3D89-46FB-8781-1B890F6EC9C8}.Debug|Any CPU.ActiveCfg = Debug|Any CPU
		{20BC56DC-3D89-46FB-8781-1B890F6EC9C8}.Debug|Any CPU.Build.0 = Debug|Any CPU
		{20BC56DC-3D89-46FB-8781-1B890F6EC9C8}.Release|Any CPU.ActiveCfg = Release|Any CPU
		{20BC56DC-3D89-46FB-8781-1B890F6EC9C8}.Release|Any CPU.Build.0 = Release|Any CPU
	EndGlobalSection
EndGlobal
